// !$*UTF8*$!
{
	archiveVersion = 1;
	classes = {
	};
	objectVersion = 52;
	objects = {

/* Begin PBXBuildFile section */
		060782B2250CE27700A87020 /* AppDelegate.swift in Sources */ = {isa = PBXBuildFile; fileRef = 060782B1250CE27700A87020 /* AppDelegate.swift */; };
		060782B6250CE27700A87020 /* FeedViewController.swift in Sources */ = {isa = PBXBuildFile; fileRef = 060782B5250CE27700A87020 /* FeedViewController.swift */; };
		060782BB250CE27A00A87020 /* Assets.xcassets in Resources */ = {isa = PBXBuildFile; fileRef = 060782BA250CE27A00A87020 /* Assets.xcassets */; };
		060782BE250CE27A00A87020 /* LaunchScreen.storyboard in Resources */ = {isa = PBXBuildFile; fileRef = 060782BC250CE27A00A87020 /* LaunchScreen.storyboard */; };
		060782C6250CEB0A00A87020 /* InfoViewController.swift in Sources */ = {isa = PBXBuildFile; fileRef = 060782C5250CEB0A00A87020 /* InfoViewController.swift */; };
		060782C8250CEE5D00A87020 /* PostViewController.swift in Sources */ = {isa = PBXBuildFile; fileRef = 060782C7250CEE5D00A87020 /* PostViewController.swift */; };
		060782CA250CEE7200A87020 /* Post.swift in Sources */ = {isa = PBXBuildFile; fileRef = 060782C9250CEE7200A87020 /* Post.swift */; };
		061F9BCA14896F97721D47C2 /* Pods_Navigation.framework in Frameworks */ = {isa = PBXBuildFile; fileRef = 33CE1F02D7A9FF45DC988A40 /* Pods_Navigation.framework */; };
		5001CEC82586F91E005CF7E6 /* MainCoordinator.swift in Sources */ = {isa = PBXBuildFile; fileRef = 5001CEC72586F91E005CF7E6 /* MainCoordinator.swift */; };
		5001CECC2586F932005CF7E6 /* Coordinator.swift in Sources */ = {isa = PBXBuildFile; fileRef = 5001CECB2586F932005CF7E6 /* Coordinator.swift */; };
		5001CED52586FED7005CF7E6 /* FeedNavCoordinator.swift in Sources */ = {isa = PBXBuildFile; fileRef = 5001CED42586FED7005CF7E6 /* FeedNavCoordinator.swift */; };
		5001CEEE25874AE0005CF7E6 /* ProfileNavCoordinator.swift in Sources */ = {isa = PBXBuildFile; fileRef = 5001CEED25874AE0005CF7E6 /* ProfileNavCoordinator.swift */; };
		5001CF302588C38B005CF7E6 /* PhotosViewModel.swift in Sources */ = {isa = PBXBuildFile; fileRef = 5001CF2F2588C38A005CF7E6 /* PhotosViewModel.swift */; };
		5017A8D2255C1080000240C4 /* LogInViewController.swift in Sources */ = {isa = PBXBuildFile; fileRef = 5017A8D1255C1080000240C4 /* LogInViewController.swift */; };
		5017A8D5255C112B000240C4 /* UIView+Style+AutoLayout.swift in Sources */ = {isa = PBXBuildFile; fileRef = 5017A8D4255C112B000240C4 /* UIView+Style+AutoLayout.swift */; };
		503F37C72558104200C6DBB7 /* AnimatedTabBarController.swift in Sources */ = {isa = PBXBuildFile; fileRef = 503F37C62558104200C6DBB7 /* AnimatedTabBarController.swift */; };
		50406FD8255D43F600B4E543 /* Storage.swift in Sources */ = {isa = PBXBuildFile; fileRef = 50406FD7255D43F600B4E543 /* Storage.swift */; };
		50406FDF255D5C0800B4E543 /* SetStatusButtonView.swift in Sources */ = {isa = PBXBuildFile; fileRef = 50406FDE255D5C0800B4E543 /* SetStatusButtonView.swift */; };
		50406FE3255D78E900B4E543 /* PostTableViewCell.swift in Sources */ = {isa = PBXBuildFile; fileRef = 50406FE2255D78E900B4E543 /* PostTableViewCell.swift */; };
		5040980A257A51FB00AED984 /* FeedViewController.swift in Sources */ = {isa = PBXBuildFile; fileRef = 060782B5250CE27700A87020 /* FeedViewController.swift */; };
		5040980B257A51FB00AED984 /* PhotosCollectionViewCell.swift in Sources */ = {isa = PBXBuildFile; fileRef = 509DE2B5256537C300E876CD /* PhotosCollectionViewCell.swift */; };
		5040980C257A51FB00AED984 /* AppDelegate.swift in Sources */ = {isa = PBXBuildFile; fileRef = 060782B1250CE27700A87020 /* AppDelegate.swift */; };
		5040980D257A51FB00AED984 /* InfoViewController.swift in Sources */ = {isa = PBXBuildFile; fileRef = 060782C5250CEB0A00A87020 /* InfoViewController.swift */; };
		5040980E257A51FB00AED984 /* PhotosTableViewCell.swift in Sources */ = {isa = PBXBuildFile; fileRef = 509DE2AA25650DA200E876CD /* PhotosTableViewCell.swift */; };
		5040980F257A51FB00AED984 /* Post.swift in Sources */ = {isa = PBXBuildFile; fileRef = 060782C9250CEE7200A87020 /* Post.swift */; };
		50409810257A51FB00AED984 /* Photos.swift in Sources */ = {isa = PBXBuildFile; fileRef = 509DE2B2256535E900E876CD /* Photos.swift */; };
		50409811257A51FB00AED984 /* SetStatusButtonView.swift in Sources */ = {isa = PBXBuildFile; fileRef = 50406FDE255D5C0800B4E543 /* SetStatusButtonView.swift */; };
		50409813257A51FB00AED984 /* Storage.swift in Sources */ = {isa = PBXBuildFile; fileRef = 50406FD7255D43F600B4E543 /* Storage.swift */; };
		50409814257A51FB00AED984 /* PostTableViewCell.swift in Sources */ = {isa = PBXBuildFile; fileRef = 50406FE2255D78E900B4E543 /* PostTableViewCell.swift */; };
		50409815257A51FB00AED984 /* PhotosViewController.swift in Sources */ = {isa = PBXBuildFile; fileRef = 509DE2AE256534D200E876CD /* PhotosViewController.swift */; };
		50409816257A51FB00AED984 /* ProfileTableHeaderView.swift in Sources */ = {isa = PBXBuildFile; fileRef = 504B0E08254D1EB1003D2A9A /* ProfileTableHeaderView.swift */; };
		50409817257A51FB00AED984 /* ProfileViewController.swift in Sources */ = {isa = PBXBuildFile; fileRef = 504B0E0A254D1ED2003D2A9A /* ProfileViewController.swift */; };
		50409818257A51FB00AED984 /* PhotoDetailViewController.swift in Sources */ = {isa = PBXBuildFile; fileRef = 509DE2C225664A8900E876CD /* PhotoDetailViewController.swift */; };
		50409819257A51FB00AED984 /* LogInViewController.swift in Sources */ = {isa = PBXBuildFile; fileRef = 5017A8D1255C1080000240C4 /* LogInViewController.swift */; };
		5040981A257A51FB00AED984 /* UIView+Style+AutoLayout.swift in Sources */ = {isa = PBXBuildFile; fileRef = 5017A8D4255C112B000240C4 /* UIView+Style+AutoLayout.swift */; };
		5040981B257A51FB00AED984 /* UITextField+AppStyle.swift in Sources */ = {isa = PBXBuildFile; fileRef = 509DE2A425650B1800E876CD /* UITextField+AppStyle.swift */; };
		5040981C257A51FB00AED984 /* PostViewController.swift in Sources */ = {isa = PBXBuildFile; fileRef = 060782C7250CEE5D00A87020 /* PostViewController.swift */; };
		5040981D257A51FB00AED984 /* UIImageView+Alpha.swift in Sources */ = {isa = PBXBuildFile; fileRef = 509DE2A725650BB700E876CD /* UIImageView+Alpha.swift */; };
		50409820257A51FB00AED984 /* LaunchScreen.storyboard in Resources */ = {isa = PBXBuildFile; fileRef = 060782BC250CE27A00A87020 /* LaunchScreen.storyboard */; };
		50409821257A51FB00AED984 /* Assets.xcassets in Resources */ = {isa = PBXBuildFile; fileRef = 060782BA250CE27A00A87020 /* Assets.xcassets */; };
		50492CEA261180F90094F179 /* NetworkService.swift in Sources */ = {isa = PBXBuildFile; fileRef = 50492CE9261180F90094F179 /* NetworkService.swift */; };
		50492CF82611AA130094F179 /* UserModel.swift in Sources */ = {isa = PBXBuildFile; fileRef = 50492CF72611AA130094F179 /* UserModel.swift */; };
		50492CFC2611B0A60094F179 /* PlanetModel.swift in Sources */ = {isa = PBXBuildFile; fileRef = 50492CFB2611B0A60094F179 /* PlanetModel.swift */; };
		50492D012611B2CE0094F179 /* FeedViewModel.swift in Sources */ = {isa = PBXBuildFile; fileRef = 50492D002611B2CE0094F179 /* FeedViewModel.swift */; };
		50492D0B2611C3F80094F179 /* PostViewModel.swift in Sources */ = {isa = PBXBuildFile; fileRef = 50492D0A2611C3F80094F179 /* PostViewModel.swift */; };
		504B0E09254D1EB1003D2A9A /* ProfileTableHeaderView.swift in Sources */ = {isa = PBXBuildFile; fileRef = 504B0E08254D1EB1003D2A9A /* ProfileTableHeaderView.swift */; };
		504B0E0B254D1ED2003D2A9A /* ProfileViewController.swift in Sources */ = {isa = PBXBuildFile; fileRef = 504B0E0A254D1ED2003D2A9A /* ProfileViewController.swift */; };
		509DE2A525650B1800E876CD /* UITextField+AppStyle.swift in Sources */ = {isa = PBXBuildFile; fileRef = 509DE2A425650B1800E876CD /* UITextField+AppStyle.swift */; };
		509DE2A825650BB700E876CD /* UIImageView+Alpha.swift in Sources */ = {isa = PBXBuildFile; fileRef = 509DE2A725650BB700E876CD /* UIImageView+Alpha.swift */; };
		509DE2AB25650DA200E876CD /* PhotosTableViewCell.swift in Sources */ = {isa = PBXBuildFile; fileRef = 509DE2AA25650DA200E876CD /* PhotosTableViewCell.swift */; };
		509DE2AF256534D200E876CD /* PhotosViewController.swift in Sources */ = {isa = PBXBuildFile; fileRef = 509DE2AE256534D200E876CD /* PhotosViewController.swift */; };
		509DE2B3256535E900E876CD /* Photos.swift in Sources */ = {isa = PBXBuildFile; fileRef = 509DE2B2256535E900E876CD /* Photos.swift */; };
		509DE2B6256537C300E876CD /* PhotosCollectionViewCell.swift in Sources */ = {isa = PBXBuildFile; fileRef = 509DE2B5256537C300E876CD /* PhotosCollectionViewCell.swift */; };
		509DE2C325664A8900E876CD /* PhotoDetailViewController.swift in Sources */ = {isa = PBXBuildFile; fileRef = 509DE2C225664A8900E876CD /* PhotoDetailViewController.swift */; };
		50DA36A9257E20A90039CF6C /* iOSIntPackage in Frameworks */ = {isa = PBXBuildFile; productRef = 50DA36A8257E20A90039CF6C /* iOSIntPackage */; };
		5FF497D7C8774EB50CB24BC7 /* Pods_Navigation2.framework in Frameworks */ = {isa = PBXBuildFile; fileRef = 614772AB11768C69BBBCF39F /* Pods_Navigation2.framework */; };
/* End PBXBuildFile section */

/* Begin PBXFileReference section */
		060782AE250CE27700A87020 /* Navigation.app */ = {isa = PBXFileReference; explicitFileType = wrapper.application; includeInIndex = 0; path = Navigation.app; sourceTree = BUILT_PRODUCTS_DIR; };
		060782B1250CE27700A87020 /* AppDelegate.swift */ = {isa = PBXFileReference; lastKnownFileType = sourcecode.swift; path = AppDelegate.swift; sourceTree = "<group>"; };
		060782B5250CE27700A87020 /* FeedViewController.swift */ = {isa = PBXFileReference; lastKnownFileType = sourcecode.swift; path = FeedViewController.swift; sourceTree = "<group>"; };
		060782BA250CE27A00A87020 /* Assets.xcassets */ = {isa = PBXFileReference; lastKnownFileType = folder.assetcatalog; path = Assets.xcassets; sourceTree = "<group>"; };
		060782BD250CE27A00A87020 /* Base */ = {isa = PBXFileReference; lastKnownFileType = file.storyboard; name = Base; path = Base.lproj/LaunchScreen.storyboard; sourceTree = "<group>"; };
		060782BF250CE27A00A87020 /* Info.plist */ = {isa = PBXFileReference; lastKnownFileType = text.plist.xml; path = Info.plist; sourceTree = "<group>"; };
		060782C5250CEB0A00A87020 /* InfoViewController.swift */ = {isa = PBXFileReference; lastKnownFileType = sourcecode.swift; path = InfoViewController.swift; sourceTree = "<group>"; };
		060782C7250CEE5D00A87020 /* PostViewController.swift */ = {isa = PBXFileReference; lastKnownFileType = sourcecode.swift; path = PostViewController.swift; sourceTree = "<group>"; };
		060782C9250CEE7200A87020 /* Post.swift */ = {isa = PBXFileReference; lastKnownFileType = sourcecode.swift; path = Post.swift; sourceTree = "<group>"; };
		223740C2725765D7C878019A /* Pods-Navigation2.debug.xcconfig */ = {isa = PBXFileReference; includeInIndex = 1; lastKnownFileType = text.xcconfig; name = "Pods-Navigation2.debug.xcconfig"; path = "Target Support Files/Pods-Navigation2/Pods-Navigation2.debug.xcconfig"; sourceTree = "<group>"; };
		33CE1F02D7A9FF45DC988A40 /* Pods_Navigation.framework */ = {isa = PBXFileReference; explicitFileType = wrapper.framework; includeInIndex = 0; path = Pods_Navigation.framework; sourceTree = BUILT_PRODUCTS_DIR; };
		5001CEC72586F91E005CF7E6 /* MainCoordinator.swift */ = {isa = PBXFileReference; fileEncoding = 4; lastKnownFileType = sourcecode.swift; path = MainCoordinator.swift; sourceTree = "<group>"; };
		5001CECB2586F932005CF7E6 /* Coordinator.swift */ = {isa = PBXFileReference; fileEncoding = 4; lastKnownFileType = sourcecode.swift; path = Coordinator.swift; sourceTree = "<group>"; };
		5001CED42586FED7005CF7E6 /* FeedNavCoordinator.swift */ = {isa = PBXFileReference; lastKnownFileType = sourcecode.swift; path = FeedNavCoordinator.swift; sourceTree = "<group>"; };
		5001CEED25874AE0005CF7E6 /* ProfileNavCoordinator.swift */ = {isa = PBXFileReference; lastKnownFileType = sourcecode.swift; path = ProfileNavCoordinator.swift; sourceTree = "<group>"; };
		5001CF2F2588C38A005CF7E6 /* PhotosViewModel.swift */ = {isa = PBXFileReference; lastKnownFileType = sourcecode.swift; path = PhotosViewModel.swift; sourceTree = "<group>"; };
		5017A8D1255C1080000240C4 /* LogInViewController.swift */ = {isa = PBXFileReference; lastKnownFileType = sourcecode.swift; path = LogInViewController.swift; sourceTree = "<group>"; };
		5017A8D4255C112B000240C4 /* UIView+Style+AutoLayout.swift */ = {isa = PBXFileReference; lastKnownFileType = sourcecode.swift; path = "UIView+Style+AutoLayout.swift"; sourceTree = "<group>"; };
		503F37C62558104200C6DBB7 /* AnimatedTabBarController.swift */ = {isa = PBXFileReference; lastKnownFileType = sourcecode.swift; path = AnimatedTabBarController.swift; sourceTree = "<group>"; };
		50406FD7255D43F600B4E543 /* Storage.swift */ = {isa = PBXFileReference; lastKnownFileType = sourcecode.swift; path = Storage.swift; sourceTree = "<group>"; };
		50406FDE255D5C0800B4E543 /* SetStatusButtonView.swift */ = {isa = PBXFileReference; fileEncoding = 4; lastKnownFileType = sourcecode.swift; path = SetStatusButtonView.swift; sourceTree = "<group>"; };
		50406FE2255D78E900B4E543 /* PostTableViewCell.swift */ = {isa = PBXFileReference; lastKnownFileType = sourcecode.swift; path = PostTableViewCell.swift; sourceTree = "<group>"; };
		50409825257A51FB00AED984 /* Navigation2.app */ = {isa = PBXFileReference; explicitFileType = wrapper.application; includeInIndex = 0; path = Navigation2.app; sourceTree = BUILT_PRODUCTS_DIR; };
		50409826257A51FB00AED984 /* Navigation copy-Info.plist */ = {isa = PBXFileReference; lastKnownFileType = text.plist.xml; name = "Navigation copy-Info.plist"; path = "/Users/Alexpermiakov/Desktop/DEV/Netology/PromDev/Navigation copy-Info.plist"; sourceTree = "<absolute>"; };
		50492CE9261180F90094F179 /* NetworkService.swift */ = {isa = PBXFileReference; lastKnownFileType = sourcecode.swift; path = NetworkService.swift; sourceTree = "<group>"; };
		50492CF72611AA130094F179 /* UserModel.swift */ = {isa = PBXFileReference; lastKnownFileType = sourcecode.swift; path = UserModel.swift; sourceTree = "<group>"; };
		50492CFB2611B0A60094F179 /* PlanetModel.swift */ = {isa = PBXFileReference; lastKnownFileType = sourcecode.swift; path = PlanetModel.swift; sourceTree = "<group>"; };
		50492D002611B2CE0094F179 /* FeedViewModel.swift */ = {isa = PBXFileReference; lastKnownFileType = sourcecode.swift; path = FeedViewModel.swift; sourceTree = "<group>"; };
		50492D0A2611C3F80094F179 /* PostViewModel.swift */ = {isa = PBXFileReference; lastKnownFileType = sourcecode.swift; path = PostViewModel.swift; sourceTree = "<group>"; };
		504B0E08254D1EB1003D2A9A /* ProfileTableHeaderView.swift */ = {isa = PBXFileReference; lastKnownFileType = sourcecode.swift; path = ProfileTableHeaderView.swift; sourceTree = "<group>"; };
		504B0E0A254D1ED2003D2A9A /* ProfileViewController.swift */ = {isa = PBXFileReference; lastKnownFileType = sourcecode.swift; path = ProfileViewController.swift; sourceTree = "<group>"; };
		509DE2A425650B1800E876CD /* UITextField+AppStyle.swift */ = {isa = PBXFileReference; lastKnownFileType = sourcecode.swift; path = "UITextField+AppStyle.swift"; sourceTree = "<group>"; };
		509DE2A725650BB700E876CD /* UIImageView+Alpha.swift */ = {isa = PBXFileReference; lastKnownFileType = sourcecode.swift; path = "UIImageView+Alpha.swift"; sourceTree = "<group>"; };
		509DE2AA25650DA200E876CD /* PhotosTableViewCell.swift */ = {isa = PBXFileReference; lastKnownFileType = sourcecode.swift; path = PhotosTableViewCell.swift; sourceTree = "<group>"; };
		509DE2AE256534D200E876CD /* PhotosViewController.swift */ = {isa = PBXFileReference; lastKnownFileType = sourcecode.swift; path = PhotosViewController.swift; sourceTree = "<group>"; };
		509DE2B2256535E900E876CD /* Photos.swift */ = {isa = PBXFileReference; lastKnownFileType = sourcecode.swift; path = Photos.swift; sourceTree = "<group>"; };
		509DE2B5256537C300E876CD /* PhotosCollectionViewCell.swift */ = {isa = PBXFileReference; lastKnownFileType = sourcecode.swift; path = PhotosCollectionViewCell.swift; sourceTree = "<group>"; };
		509DE2C225664A8900E876CD /* PhotoDetailViewController.swift */ = {isa = PBXFileReference; lastKnownFileType = sourcecode.swift; path = PhotoDetailViewController.swift; sourceTree = "<group>"; };
		614772AB11768C69BBBCF39F /* Pods_Navigation2.framework */ = {isa = PBXFileReference; explicitFileType = wrapper.framework; includeInIndex = 0; path = Pods_Navigation2.framework; sourceTree = BUILT_PRODUCTS_DIR; };
		73B0664F964B148D670B3E35 /* Pods-Navigation.release.xcconfig */ = {isa = PBXFileReference; includeInIndex = 1; lastKnownFileType = text.xcconfig; name = "Pods-Navigation.release.xcconfig"; path = "Target Support Files/Pods-Navigation/Pods-Navigation.release.xcconfig"; sourceTree = "<group>"; };
		978097ECB8B2240FD07D68E5 /* Pods-Navigation2.release.xcconfig */ = {isa = PBXFileReference; includeInIndex = 1; lastKnownFileType = text.xcconfig; name = "Pods-Navigation2.release.xcconfig"; path = "Target Support Files/Pods-Navigation2/Pods-Navigation2.release.xcconfig"; sourceTree = "<group>"; };
		9E9A4A1F4ED45D630E3A7791 /* Pods-Navigation.debug.xcconfig */ = {isa = PBXFileReference; includeInIndex = 1; lastKnownFileType = text.xcconfig; name = "Pods-Navigation.debug.xcconfig"; path = "Target Support Files/Pods-Navigation/Pods-Navigation.debug.xcconfig"; sourceTree = "<group>"; };
/* End PBXFileReference section */

/* Begin PBXFrameworksBuildPhase section */
		060782AB250CE27700A87020 /* Frameworks */ = {
			isa = PBXFrameworksBuildPhase;
			buildActionMask = 2147483647;
			files = (
				061F9BCA14896F97721D47C2 /* Pods_Navigation.framework in Frameworks */,
				50DA36A9257E20A90039CF6C /* iOSIntPackage in Frameworks */,
			);
			runOnlyForDeploymentPostprocessing = 0;
		};
		5040981E257A51FB00AED984 /* Frameworks */ = {
			isa = PBXFrameworksBuildPhase;
			buildActionMask = 2147483647;
			files = (
				5FF497D7C8774EB50CB24BC7 /* Pods_Navigation2.framework in Frameworks */,
			);
			runOnlyForDeploymentPostprocessing = 0;
		};
/* End PBXFrameworksBuildPhase section */

/* Begin PBXGroup section */
		060782A5250CE27700A87020 = {
			isa = PBXGroup;
			children = (
				060782B0250CE27700A87020 /* Navigation */,
				060782AF250CE27700A87020 /* Products */,
				50409826257A51FB00AED984 /* Navigation copy-Info.plist */,
				944A7C409E4CCD5E017C9C53 /* Pods */,
				75EBB826109D1F4FE898350C /* Frameworks */,
			);
			sourceTree = "<group>";
		};
		060782AF250CE27700A87020 /* Products */ = {
			isa = PBXGroup;
			children = (
				060782AE250CE27700A87020 /* Navigation.app */,
				50409825257A51FB00AED984 /* Navigation2.app */,
			);
			name = Products;
			sourceTree = "<group>";
		};
		060782B0250CE27700A87020 /* Navigation */ = {
			isa = PBXGroup;
			children = (
				50492CED261181020094F179 /* NetworkService */,
				50406FDC255D442A00B4E543 /* FeedFlow */,
				504B0E07254D1DC4003D2A9A /* ProfileFlow */,
				509DE2AD2565344300E876CD /* PhotoGallery */,
				5001CEC62586F8ED005CF7E6 /* Coordinator */,
				50406FD6255D43B900B4E543 /* Models */,
				50406FDB255D440600B4E543 /* Storage */,
				060782B1250CE27700A87020 /* AppDelegate.swift */,
				060782BA250CE27A00A87020 /* Assets.xcassets */,
				060782BC250CE27A00A87020 /* LaunchScreen.storyboard */,
				060782BF250CE27A00A87020 /* Info.plist */,
			);
			path = Navigation;
			sourceTree = "<group>";
		};
		5001CEC62586F8ED005CF7E6 /* Coordinator */ = {
			isa = PBXGroup;
			children = (
				503F37C62558104200C6DBB7 /* AnimatedTabBarController.swift */,
				5001CECB2586F932005CF7E6 /* Coordinator.swift */,
				5001CEC72586F91E005CF7E6 /* MainCoordinator.swift */,
				5001CED42586FED7005CF7E6 /* FeedNavCoordinator.swift */,
				5001CEED25874AE0005CF7E6 /* ProfileNavCoordinator.swift */,
			);
			path = Coordinator;
			sourceTree = "<group>";
		};
		5001CF292588BA13005CF7E6 /* GalleryModel */ = {
			isa = PBXGroup;
			children = (
				509DE2B2256535E900E876CD /* Photos.swift */,
			);
			path = GalleryModel;
			sourceTree = "<group>";
		};
		5001CF2C2588BA3A005CF7E6 /* CollectionViewCell */ = {
			isa = PBXGroup;
			children = (
				509DE2B5256537C300E876CD /* PhotosCollectionViewCell.swift */,
			);
			path = CollectionViewCell;
			sourceTree = "<group>";
		};
		5001CF352588DAB0005CF7E6 /* GalleryView */ = {
			isa = PBXGroup;
			children = (
				509DE2AE256534D200E876CD /* PhotosViewController.swift */,
			);
			path = GalleryView;
			sourceTree = "<group>";
		};
		5001CF362588DACC005CF7E6 /* GalleryViewModel */ = {
			isa = PBXGroup;
			children = (
				5001CF2F2588C38A005CF7E6 /* PhotosViewModel.swift */,
			);
			path = GalleryViewModel;
			sourceTree = "<group>";
		};
		5001CF3B2588E23C005CF7E6 /* Helpers */ = {
			isa = PBXGroup;
			children = (
				50406FDE255D5C0800B4E543 /* SetStatusButtonView.swift */,
				509DE2A425650B1800E876CD /* UITextField+AppStyle.swift */,
				509DE2A725650BB700E876CD /* UIImageView+Alpha.swift */,
				5017A8D4255C112B000240C4 /* UIView+Style+AutoLayout.swift */,
			);
			path = Helpers;
			sourceTree = "<group>";
		};
		5001CF422588E2A8005CF7E6 /* ProfileView */ = {
			isa = PBXGroup;
			children = (
				504B0E0A254D1ED2003D2A9A /* ProfileViewController.swift */,
				504B0E08254D1EB1003D2A9A /* ProfileTableHeaderView.swift */,
				509DE2AA25650DA200E876CD /* PhotosTableViewCell.swift */,
				50406FE2255D78E900B4E543 /* PostTableViewCell.swift */,
			);
			path = ProfileView;
			sourceTree = "<group>";
		};
		50406FD6255D43B900B4E543 /* Models */ = {
			isa = PBXGroup;
			children = (
				060782C9250CEE7200A87020 /* Post.swift */,
			);
			path = Models;
			sourceTree = "<group>";
		};
		50406FDB255D440600B4E543 /* Storage */ = {
			isa = PBXGroup;
			children = (
				50406FD7255D43F600B4E543 /* Storage.swift */,
			);
			path = Storage;
			sourceTree = "<group>";
		};
		50406FDC255D442A00B4E543 /* FeedFlow */ = {
			isa = PBXGroup;
			children = (
				50492CF72611AA130094F179 /* UserModel.swift */,
				50492CFB2611B0A60094F179 /* PlanetModel.swift */,
				060782B5250CE27700A87020 /* FeedViewController.swift */,
				50492D002611B2CE0094F179 /* FeedViewModel.swift */,
				060782C7250CEE5D00A87020 /* PostViewController.swift */,
				50492D0A2611C3F80094F179 /* PostViewModel.swift */,
				060782C5250CEB0A00A87020 /* InfoViewController.swift */,
			);
			path = FeedFlow;
			sourceTree = "<group>";
		};
		50492CED261181020094F179 /* NetworkService */ = {
			isa = PBXGroup;
			children = (
				50492CE9261180F90094F179 /* NetworkService.swift */,
			);
			path = NetworkService;
			sourceTree = "<group>";
		};
		504B0E07254D1DC4003D2A9A /* ProfileFlow */ = {
			isa = PBXGroup;
			children = (
				5017A8D1255C1080000240C4 /* LogInViewController.swift */,
				5001CF422588E2A8005CF7E6 /* ProfileView */,
				5001CF3B2588E23C005CF7E6 /* Helpers */,
			);
			path = ProfileFlow;
			sourceTree = "<group>";
		};
		509DE2AD2565344300E876CD /* PhotoGallery */ = {
			isa = PBXGroup;
			children = (
				5001CF352588DAB0005CF7E6 /* GalleryView */,
				5001CF362588DACC005CF7E6 /* GalleryViewModel */,
				5001CF292588BA13005CF7E6 /* GalleryModel */,
				5001CF2C2588BA3A005CF7E6 /* CollectionViewCell */,
				509DE2C225664A8900E876CD /* PhotoDetailViewController.swift */,
			);
			path = PhotoGallery;
			sourceTree = "<group>";
		};
		75EBB826109D1F4FE898350C /* Frameworks */ = {
			isa = PBXGroup;
			children = (
				33CE1F02D7A9FF45DC988A40 /* Pods_Navigation.framework */,
				614772AB11768C69BBBCF39F /* Pods_Navigation2.framework */,
			);
			name = Frameworks;
			sourceTree = "<group>";
		};
		944A7C409E4CCD5E017C9C53 /* Pods */ = {
			isa = PBXGroup;
			children = (
				9E9A4A1F4ED45D630E3A7791 /* Pods-Navigation.debug.xcconfig */,
				73B0664F964B148D670B3E35 /* Pods-Navigation.release.xcconfig */,
				223740C2725765D7C878019A /* Pods-Navigation2.debug.xcconfig */,
				978097ECB8B2240FD07D68E5 /* Pods-Navigation2.release.xcconfig */,
			);
			path = Pods;
			sourceTree = "<group>";
		};
/* End PBXGroup section */

/* Begin PBXNativeTarget section */
		060782AD250CE27700A87020 /* Navigation */ = {
			isa = PBXNativeTarget;
			buildConfigurationList = 060782C2250CE27A00A87020 /* Build configuration list for PBXNativeTarget "Navigation" */;
			buildPhases = (
				F142DA3D79F03337D12ADB00 /* [CP] Check Pods Manifest.lock */,
				060782AA250CE27700A87020 /* Sources */,
				060782AB250CE27700A87020 /* Frameworks */,
				060782AC250CE27700A87020 /* Resources */,
				56A3DF678B3EE00C98E3174D /* [CP] Embed Pods Frameworks */,
			);
			buildRules = (
			);
			dependencies = (
			);
			name = Navigation;
			packageProductDependencies = (
				50DA36A8257E20A90039CF6C /* iOSIntPackage */,
			);
			productName = Navigation;
			productReference = 060782AE250CE27700A87020 /* Navigation.app */;
			productType = "com.apple.product-type.application";
		};
		50409807257A51FB00AED984 /* Navigation2 */ = {
			isa = PBXNativeTarget;
			buildConfigurationList = 50409822257A51FB00AED984 /* Build configuration list for PBXNativeTarget "Navigation2" */;
			buildPhases = (
				C4E136102390546C5EB8AF5F /* [CP] Check Pods Manifest.lock */,
				50409808257A51FB00AED984 /* Sources */,
				5040981E257A51FB00AED984 /* Frameworks */,
				5040981F257A51FB00AED984 /* Resources */,
				22B3C0527B1EC48589EF46AD /* [CP] Embed Pods Frameworks */,
			);
			buildRules = (
			);
			dependencies = (
			);
			name = Navigation2;
			productName = Navigation;
			productReference = 50409825257A51FB00AED984 /* Navigation2.app */;
			productType = "com.apple.product-type.application";
		};
/* End PBXNativeTarget section */

/* Begin PBXProject section */
		060782A6250CE27700A87020 /* Project object */ = {
			isa = PBXProject;
			attributes = {
				LastSwiftUpdateCheck = 1170;
				LastUpgradeCheck = 1210;
				ORGANIZATIONNAME = "Alex Permiakov";
				TargetAttributes = {
					060782AD250CE27700A87020 = {
						CreatedOnToolsVersion = 11.7;
					};
				};
			};
			buildConfigurationList = 060782A9250CE27700A87020 /* Build configuration list for PBXProject "Navigation" */;
			compatibilityVersion = "Xcode 9.3";
			developmentRegion = en;
			hasScannedForEncodings = 0;
			knownRegions = (
				en,
				Base,
			);
			mainGroup = 060782A5250CE27700A87020;
			packageReferences = (
				50DA36A7257E20A90039CF6C /* XCRemoteSwiftPackageReference "iOSIntPackage" */,
			);
			productRefGroup = 060782AF250CE27700A87020 /* Products */;
			projectDirPath = "";
			projectRoot = "";
			targets = (
				060782AD250CE27700A87020 /* Navigation */,
				50409807257A51FB00AED984 /* Navigation2 */,
			);
		};
/* End PBXProject section */

/* Begin PBXResourcesBuildPhase section */
		060782AC250CE27700A87020 /* Resources */ = {
			isa = PBXResourcesBuildPhase;
			buildActionMask = 2147483647;
			files = (
				060782BE250CE27A00A87020 /* LaunchScreen.storyboard in Resources */,
				060782BB250CE27A00A87020 /* Assets.xcassets in Resources */,
			);
			runOnlyForDeploymentPostprocessing = 0;
		};
		5040981F257A51FB00AED984 /* Resources */ = {
			isa = PBXResourcesBuildPhase;
			buildActionMask = 2147483647;
			files = (
				50409820257A51FB00AED984 /* LaunchScreen.storyboard in Resources */,
				50409821257A51FB00AED984 /* Assets.xcassets in Resources */,
			);
			runOnlyForDeploymentPostprocessing = 0;
		};
/* End PBXResourcesBuildPhase section */

/* Begin PBXShellScriptBuildPhase section */
		22B3C0527B1EC48589EF46AD /* [CP] Embed Pods Frameworks */ = {
			isa = PBXShellScriptBuildPhase;
			buildActionMask = 2147483647;
			files = (
			);
			inputFileListPaths = (
				"${PODS_ROOT}/Target Support Files/Pods-Navigation2/Pods-Navigation2-frameworks-${CONFIGURATION}-input-files.xcfilelist",
			);
			name = "[CP] Embed Pods Frameworks";
			outputFileListPaths = (
				"${PODS_ROOT}/Target Support Files/Pods-Navigation2/Pods-Navigation2-frameworks-${CONFIGURATION}-output-files.xcfilelist",
			);
			runOnlyForDeploymentPostprocessing = 0;
			shellPath = /bin/sh;
			shellScript = "\"${PODS_ROOT}/Target Support Files/Pods-Navigation2/Pods-Navigation2-frameworks.sh\"\n";
			showEnvVarsInLog = 0;
		};
		56A3DF678B3EE00C98E3174D /* [CP] Embed Pods Frameworks */ = {
			isa = PBXShellScriptBuildPhase;
			buildActionMask = 2147483647;
			files = (
			);
			inputFileListPaths = (
				"${PODS_ROOT}/Target Support Files/Pods-Navigation/Pods-Navigation-frameworks-${CONFIGURATION}-input-files.xcfilelist",
			);
			name = "[CP] Embed Pods Frameworks";
			outputFileListPaths = (
				"${PODS_ROOT}/Target Support Files/Pods-Navigation/Pods-Navigation-frameworks-${CONFIGURATION}-output-files.xcfilelist",
			);
			runOnlyForDeploymentPostprocessing = 0;
			shellPath = /bin/sh;
			shellScript = "\"${PODS_ROOT}/Target Support Files/Pods-Navigation/Pods-Navigation-frameworks.sh\"\n";
			showEnvVarsInLog = 0;
		};
		C4E136102390546C5EB8AF5F /* [CP] Check Pods Manifest.lock */ = {
			isa = PBXShellScriptBuildPhase;
			buildActionMask = 2147483647;
			files = (
			);
			inputFileListPaths = (
			);
			inputPaths = (
				"${PODS_PODFILE_DIR_PATH}/Podfile.lock",
				"${PODS_ROOT}/Manifest.lock",
			);
			name = "[CP] Check Pods Manifest.lock";
			outputFileListPaths = (
			);
			outputPaths = (
				"$(DERIVED_FILE_DIR)/Pods-Navigation2-checkManifestLockResult.txt",
			);
			runOnlyForDeploymentPostprocessing = 0;
			shellPath = /bin/sh;
			shellScript = "diff \"${PODS_PODFILE_DIR_PATH}/Podfile.lock\" \"${PODS_ROOT}/Manifest.lock\" > /dev/null\nif [ $? != 0 ] ; then\n    # print error to STDERR\n    echo \"error: The sandbox is not in sync with the Podfile.lock. Run 'pod install' or update your CocoaPods installation.\" >&2\n    exit 1\nfi\n# This output is used by Xcode 'outputs' to avoid re-running this script phase.\necho \"SUCCESS\" > \"${SCRIPT_OUTPUT_FILE_0}\"\n";
			showEnvVarsInLog = 0;
		};
		F142DA3D79F03337D12ADB00 /* [CP] Check Pods Manifest.lock */ = {
			isa = PBXShellScriptBuildPhase;
			buildActionMask = 2147483647;
			files = (
			);
			inputFileListPaths = (
			);
			inputPaths = (
				"${PODS_PODFILE_DIR_PATH}/Podfile.lock",
				"${PODS_ROOT}/Manifest.lock",
			);
			name = "[CP] Check Pods Manifest.lock";
			outputFileListPaths = (
			);
			outputPaths = (
				"$(DERIVED_FILE_DIR)/Pods-Navigation-checkManifestLockResult.txt",
			);
			runOnlyForDeploymentPostprocessing = 0;
			shellPath = /bin/sh;
			shellScript = "diff \"${PODS_PODFILE_DIR_PATH}/Podfile.lock\" \"${PODS_ROOT}/Manifest.lock\" > /dev/null\nif [ $? != 0 ] ; then\n    # print error to STDERR\n    echo \"error: The sandbox is not in sync with the Podfile.lock. Run 'pod install' or update your CocoaPods installation.\" >&2\n    exit 1\nfi\n# This output is used by Xcode 'outputs' to avoid re-running this script phase.\necho \"SUCCESS\" > \"${SCRIPT_OUTPUT_FILE_0}\"\n";
			showEnvVarsInLog = 0;
		};
/* End PBXShellScriptBuildPhase section */

/* Begin PBXSourcesBuildPhase section */
		060782AA250CE27700A87020 /* Sources */ = {
			isa = PBXSourcesBuildPhase;
			buildActionMask = 2147483647;
			files = (
				50492D0B2611C3F80094F179 /* PostViewModel.swift in Sources */,
				060782B6250CE27700A87020 /* FeedViewController.swift in Sources */,
				509DE2B6256537C300E876CD /* PhotosCollectionViewCell.swift in Sources */,
				060782B2250CE27700A87020 /* AppDelegate.swift in Sources */,
				060782C6250CEB0A00A87020 /* InfoViewController.swift in Sources */,
				5001CF302588C38B005CF7E6 /* PhotosViewModel.swift in Sources */,
				5001CEC82586F91E005CF7E6 /* MainCoordinator.swift in Sources */,
				509DE2AB25650DA200E876CD /* PhotosTableViewCell.swift in Sources */,
				060782CA250CEE7200A87020 /* Post.swift in Sources */,
				5001CED52586FED7005CF7E6 /* FeedNavCoordinator.swift in Sources */,
				509DE2B3256535E900E876CD /* Photos.swift in Sources */,
				50406FDF255D5C0800B4E543 /* SetStatusButtonView.swift in Sources */,
				503F37C72558104200C6DBB7 /* AnimatedTabBarController.swift in Sources */,
				50406FD8255D43F600B4E543 /* Storage.swift in Sources */,
				50406FE3255D78E900B4E543 /* PostTableViewCell.swift in Sources */,
				509DE2AF256534D200E876CD /* PhotosViewController.swift in Sources */,
				5001CEEE25874AE0005CF7E6 /* ProfileNavCoordinator.swift in Sources */,
				50492D012611B2CE0094F179 /* FeedViewModel.swift in Sources */,
				50492CF82611AA130094F179 /* UserModel.swift in Sources */,
				50492CFC2611B0A60094F179 /* PlanetModel.swift in Sources */,
				504B0E09254D1EB1003D2A9A /* ProfileTableHeaderView.swift in Sources */,
				504B0E0B254D1ED2003D2A9A /* ProfileViewController.swift in Sources */,
				509DE2C325664A8900E876CD /* PhotoDetailViewController.swift in Sources */,
				5001CECC2586F932005CF7E6 /* Coordinator.swift in Sources */,
				5017A8D2255C1080000240C4 /* LogInViewController.swift in Sources */,
				5017A8D5255C112B000240C4 /* UIView+Style+AutoLayout.swift in Sources */,
				509DE2A525650B1800E876CD /* UITextField+AppStyle.swift in Sources */,
				060782C8250CEE5D00A87020 /* PostViewController.swift in Sources */,
				50492CEA261180F90094F179 /* NetworkService.swift in Sources */,
				509DE2A825650BB700E876CD /* UIImageView+Alpha.swift in Sources */,
			);
			runOnlyForDeploymentPostprocessing = 0;
		};
		50409808257A51FB00AED984 /* Sources */ = {
			isa = PBXSourcesBuildPhase;
			buildActionMask = 2147483647;
			files = (
				5040980A257A51FB00AED984 /* FeedViewController.swift in Sources */,
				5040980B257A51FB00AED984 /* PhotosCollectionViewCell.swift in Sources */,
				5040980C257A51FB00AED984 /* AppDelegate.swift in Sources */,
				5040980D257A51FB00AED984 /* InfoViewController.swift in Sources */,
				5040980E257A51FB00AED984 /* PhotosTableViewCell.swift in Sources */,
				5040980F257A51FB00AED984 /* Post.swift in Sources */,
				50409810257A51FB00AED984 /* Photos.swift in Sources */,
				50409811257A51FB00AED984 /* SetStatusButtonView.swift in Sources */,
				50409813257A51FB00AED984 /* Storage.swift in Sources */,
				50409814257A51FB00AED984 /* PostTableViewCell.swift in Sources */,
				50409815257A51FB00AED984 /* PhotosViewController.swift in Sources */,
				50409816257A51FB00AED984 /* ProfileTableHeaderView.swift in Sources */,
				50409817257A51FB00AED984 /* ProfileViewController.swift in Sources */,
				50409818257A51FB00AED984 /* PhotoDetailViewController.swift in Sources */,
				50409819257A51FB00AED984 /* LogInViewController.swift in Sources */,
				5040981A257A51FB00AED984 /* UIView+Style+AutoLayout.swift in Sources */,
				5040981B257A51FB00AED984 /* UITextField+AppStyle.swift in Sources */,
				5040981C257A51FB00AED984 /* PostViewController.swift in Sources */,
				5040981D257A51FB00AED984 /* UIImageView+Alpha.swift in Sources */,
			);
			runOnlyForDeploymentPostprocessing = 0;
		};
/* End PBXSourcesBuildPhase section */

/* Begin PBXVariantGroup section */
		060782BC250CE27A00A87020 /* LaunchScreen.storyboard */ = {
			isa = PBXVariantGroup;
			children = (
				060782BD250CE27A00A87020 /* Base */,
			);
			name = LaunchScreen.storyboard;
			sourceTree = "<group>";
		};
/* End PBXVariantGroup section */

/* Begin XCBuildConfiguration section */
		060782C0250CE27A00A87020 /* Debug */ = {
			isa = XCBuildConfiguration;
			buildSettings = {
				ALWAYS_SEARCH_USER_PATHS = NO;
				CLANG_ANALYZER_NONNULL = YES;
				CLANG_ANALYZER_NUMBER_OBJECT_CONVERSION = YES_AGGRESSIVE;
				CLANG_CXX_LANGUAGE_STANDARD = "gnu++14";
				CLANG_CXX_LIBRARY = "libc++";
				CLANG_ENABLE_MODULES = YES;
				CLANG_ENABLE_OBJC_ARC = YES;
				CLANG_ENABLE_OBJC_WEAK = YES;
				CLANG_WARN_BLOCK_CAPTURE_AUTORELEASING = YES;
				CLANG_WARN_BOOL_CONVERSION = YES;
				CLANG_WARN_COMMA = YES;
				CLANG_WARN_CONSTANT_CONVERSION = YES;
				CLANG_WARN_DEPRECATED_OBJC_IMPLEMENTATIONS = YES;
				CLANG_WARN_DIRECT_OBJC_ISA_USAGE = YES_ERROR;
				CLANG_WARN_DOCUMENTATION_COMMENTS = YES;
				CLANG_WARN_EMPTY_BODY = YES;
				CLANG_WARN_ENUM_CONVERSION = YES;
				CLANG_WARN_INFINITE_RECURSION = YES;
				CLANG_WARN_INT_CONVERSION = YES;
				CLANG_WARN_NON_LITERAL_NULL_CONVERSION = YES;
				CLANG_WARN_OBJC_IMPLICIT_RETAIN_SELF = YES;
				CLANG_WARN_OBJC_LITERAL_CONVERSION = YES;
				CLANG_WARN_OBJC_ROOT_CLASS = YES_ERROR;
				CLANG_WARN_QUOTED_INCLUDE_IN_FRAMEWORK_HEADER = YES;
				CLANG_WARN_RANGE_LOOP_ANALYSIS = YES;
				CLANG_WARN_STRICT_PROTOTYPES = YES;
				CLANG_WARN_SUSPICIOUS_MOVE = YES;
				CLANG_WARN_UNGUARDED_AVAILABILITY = YES_AGGRESSIVE;
				CLANG_WARN_UNREACHABLE_CODE = YES;
				CLANG_WARN__DUPLICATE_METHOD_MATCH = YES;
				COPY_PHASE_STRIP = NO;
				DEBUG_INFORMATION_FORMAT = dwarf;
				ENABLE_STRICT_OBJC_MSGSEND = YES;
				ENABLE_TESTABILITY = YES;
				GCC_C_LANGUAGE_STANDARD = gnu11;
				GCC_DYNAMIC_NO_PIC = NO;
				GCC_NO_COMMON_BLOCKS = YES;
				GCC_OPTIMIZATION_LEVEL = 0;
				GCC_PREPROCESSOR_DEFINITIONS = (
					"DEBUG=1",
					"$(inherited)",
				);
				GCC_WARN_64_TO_32_BIT_CONVERSION = YES;
				GCC_WARN_ABOUT_RETURN_TYPE = YES_ERROR;
				GCC_WARN_UNDECLARED_SELECTOR = YES;
				GCC_WARN_UNINITIALIZED_AUTOS = YES_AGGRESSIVE;
				GCC_WARN_UNUSED_FUNCTION = YES;
				GCC_WARN_UNUSED_VARIABLE = YES;
				IPHONEOS_DEPLOYMENT_TARGET = 12.0;
				MTL_ENABLE_DEBUG_INFO = INCLUDE_SOURCE;
				MTL_FAST_MATH = YES;
				ONLY_ACTIVE_ARCH = YES;
				SDKROOT = iphoneos;
				SWIFT_ACTIVE_COMPILATION_CONDITIONS = DEBUG;
				SWIFT_OPTIMIZATION_LEVEL = "-Onone";
			};
			name = Debug;
		};
		060782C1250CE27A00A87020 /* Release */ = {
			isa = XCBuildConfiguration;
			buildSettings = {
				ALWAYS_SEARCH_USER_PATHS = NO;
				CLANG_ANALYZER_NONNULL = YES;
				CLANG_ANALYZER_NUMBER_OBJECT_CONVERSION = YES_AGGRESSIVE;
				CLANG_CXX_LANGUAGE_STANDARD = "gnu++14";
				CLANG_CXX_LIBRARY = "libc++";
				CLANG_ENABLE_MODULES = YES;
				CLANG_ENABLE_OBJC_ARC = YES;
				CLANG_ENABLE_OBJC_WEAK = YES;
				CLANG_WARN_BLOCK_CAPTURE_AUTORELEASING = YES;
				CLANG_WARN_BOOL_CONVERSION = YES;
				CLANG_WARN_COMMA = YES;
				CLANG_WARN_CONSTANT_CONVERSION = YES;
				CLANG_WARN_DEPRECATED_OBJC_IMPLEMENTATIONS = YES;
				CLANG_WARN_DIRECT_OBJC_ISA_USAGE = YES_ERROR;
				CLANG_WARN_DOCUMENTATION_COMMENTS = YES;
				CLANG_WARN_EMPTY_BODY = YES;
				CLANG_WARN_ENUM_CONVERSION = YES;
				CLANG_WARN_INFINITE_RECURSION = YES;
				CLANG_WARN_INT_CONVERSION = YES;
				CLANG_WARN_NON_LITERAL_NULL_CONVERSION = YES;
				CLANG_WARN_OBJC_IMPLICIT_RETAIN_SELF = YES;
				CLANG_WARN_OBJC_LITERAL_CONVERSION = YES;
				CLANG_WARN_OBJC_ROOT_CLASS = YES_ERROR;
				CLANG_WARN_QUOTED_INCLUDE_IN_FRAMEWORK_HEADER = YES;
				CLANG_WARN_RANGE_LOOP_ANALYSIS = YES;
				CLANG_WARN_STRICT_PROTOTYPES = YES;
				CLANG_WARN_SUSPICIOUS_MOVE = YES;
				CLANG_WARN_UNGUARDED_AVAILABILITY = YES_AGGRESSIVE;
				CLANG_WARN_UNREACHABLE_CODE = YES;
				CLANG_WARN__DUPLICATE_METHOD_MATCH = YES;
				COPY_PHASE_STRIP = NO;
				DEBUG_INFORMATION_FORMAT = "dwarf-with-dsym";
				ENABLE_NS_ASSERTIONS = NO;
				ENABLE_STRICT_OBJC_MSGSEND = YES;
				GCC_C_LANGUAGE_STANDARD = gnu11;
				GCC_NO_COMMON_BLOCKS = YES;
				GCC_WARN_64_TO_32_BIT_CONVERSION = YES;
				GCC_WARN_ABOUT_RETURN_TYPE = YES_ERROR;
				GCC_WARN_UNDECLARED_SELECTOR = YES;
				GCC_WARN_UNINITIALIZED_AUTOS = YES_AGGRESSIVE;
				GCC_WARN_UNUSED_FUNCTION = YES;
				GCC_WARN_UNUSED_VARIABLE = YES;
				IPHONEOS_DEPLOYMENT_TARGET = 12.0;
				MTL_ENABLE_DEBUG_INFO = NO;
				MTL_FAST_MATH = YES;
				SDKROOT = iphoneos;
				SWIFT_COMPILATION_MODE = wholemodule;
				SWIFT_OPTIMIZATION_LEVEL = "-O";
				VALIDATE_PRODUCT = YES;
			};
			name = Release;
		};
		060782C3250CE27A00A87020 /* Debug */ = {
			isa = XCBuildConfiguration;
			baseConfigurationReference = 9E9A4A1F4ED45D630E3A7791 /* Pods-Navigation.debug.xcconfig */;
			buildSettings = {
				ASSETCATALOG_COMPILER_APPICON_NAME = AppIcon;
				CODE_SIGN_STYLE = Automatic;
				DEVELOPMENT_TEAM = 3P9KGAPYFK;
				INFOPLIST_FILE = Navigation/Info.plist;
				IPHONEOS_DEPLOYMENT_TARGET = 12.0;
				LD_RUNPATH_SEARCH_PATHS = (
					"$(inherited)",
					"@executable_path/Frameworks",
				);
				PRODUCT_BUNDLE_IDENTIFIER = com.alextddc.Navigation;
				PRODUCT_NAME = "$(TARGET_NAME)";
				SWIFT_VERSION = 5.0;
				TARGETED_DEVICE_FAMILY = "1,2";
			};
			name = Debug;
		};
		060782C4250CE27A00A87020 /* Release */ = {
			isa = XCBuildConfiguration;
			baseConfigurationReference = 73B0664F964B148D670B3E35 /* Pods-Navigation.release.xcconfig */;
			buildSettings = {
				ASSETCATALOG_COMPILER_APPICON_NAME = AppIcon;
				CODE_SIGN_STYLE = Automatic;
				DEVELOPMENT_TEAM = 3P9KGAPYFK;
				INFOPLIST_FILE = Navigation/Info.plist;
				IPHONEOS_DEPLOYMENT_TARGET = 12.0;
				LD_RUNPATH_SEARCH_PATHS = (
					"$(inherited)",
					"@executable_path/Frameworks",
				);
				PRODUCT_BUNDLE_IDENTIFIER = com.alextddc.Navigation;
				PRODUCT_NAME = "$(TARGET_NAME)";
				SWIFT_VERSION = 5.0;
				TARGETED_DEVICE_FAMILY = "1,2";
			};
			name = Release;
		};
		50409823257A51FB00AED984 /* Debug */ = {
			isa = XCBuildConfiguration;
			baseConfigurationReference = 223740C2725765D7C878019A /* Pods-Navigation2.debug.xcconfig */;
			buildSettings = {
				ASSETCATALOG_COMPILER_APPICON_NAME = AppIcon;
				CODE_SIGN_STYLE = Automatic;
				DEVELOPMENT_TEAM = 3P9KGAPYFK;
				INFOPLIST_FILE = "Navigation copy-Info.plist";
				IPHONEOS_DEPLOYMENT_TARGET = 12.0;
				LD_RUNPATH_SEARCH_PATHS = (
					"$(inherited)",
					"@executable_path/Frameworks",
				);
				PRODUCT_BUNDLE_IDENTIFIER = com.alextddc.Navigation;
				PRODUCT_NAME = "$(TARGET_NAME)";
				SWIFT_VERSION = 5.0;
				TARGETED_DEVICE_FAMILY = "1,2";
			};
			name = Debug;
		};
		50409824257A51FB00AED984 /* Release */ = {
			isa = XCBuildConfiguration;
			baseConfigurationReference = 978097ECB8B2240FD07D68E5 /* Pods-Navigation2.release.xcconfig */;
			buildSettings = {
				ASSETCATALOG_COMPILER_APPICON_NAME = AppIcon;
				CODE_SIGN_STYLE = Automatic;
				DEVELOPMENT_TEAM = 3P9KGAPYFK;
				INFOPLIST_FILE = "Navigation copy-Info.plist";
				IPHONEOS_DEPLOYMENT_TARGET = 12.0;
				LD_RUNPATH_SEARCH_PATHS = (
					"$(inherited)",
					"@executable_path/Frameworks",
				);
				PRODUCT_BUNDLE_IDENTIFIER = com.alextddc.Navigation;
				PRODUCT_NAME = "$(TARGET_NAME)";
				SWIFT_VERSION = 5.0;
				TARGETED_DEVICE_FAMILY = "1,2";
			};
			name = Release;
		};
/* End XCBuildConfiguration section */

/* Begin XCConfigurationList section */
		060782A9250CE27700A87020 /* Build configuration list for PBXProject "Navigation" */ = {
			isa = XCConfigurationList;
			buildConfigurations = (
				060782C0250CE27A00A87020 /* Debug */,
				060782C1250CE27A00A87020 /* Release */,
			);
			defaultConfigurationIsVisible = 0;
			defaultConfigurationName = Release;
		};
		060782C2250CE27A00A87020 /* Build configuration list for PBXNativeTarget "Navigation" */ = {
			isa = XCConfigurationList;
			buildConfigurations = (
				060782C3250CE27A00A87020 /* Debug */,
				060782C4250CE27A00A87020 /* Release */,
			);
			defaultConfigurationIsVisible = 0;
			defaultConfigurationName = Release;
		};
		50409822257A51FB00AED984 /* Build configuration list for PBXNativeTarget "Navigation2" */ = {
			isa = XCConfigurationList;
			buildConfigurations = (
				50409823257A51FB00AED984 /* Debug */,
				50409824257A51FB00AED984 /* Release */,
			);
			defaultConfigurationIsVisible = 0;
			defaultConfigurationName = Release;
		};
/* End XCConfigurationList section */

/* Begin XCRemoteSwiftPackageReference section */
		50DA36A7257E20A90039CF6C /* XCRemoteSwiftPackageReference "iOSIntPackage" */ = {
			isa = XCRemoteSwiftPackageReference;
			repositoryURL = "https://github.com/TrueMax/iOSIntPackage/";
			requirement = {
				kind = upToNextMajorVersion;
				minimumVersion = 2.1.0;
			};
		};
/* End XCRemoteSwiftPackageReference section */

/* Begin XCSwiftPackageProductDependency section */
		50DA36A8257E20A90039CF6C /* iOSIntPackage */ = {
			isa = XCSwiftPackageProductDependency;
			package = 50DA36A7257E20A90039CF6C /* XCRemoteSwiftPackageReference "iOSIntPackage" */;
			productName = iOSIntPackage;
		};
/* End XCSwiftPackageProductDependency section */
	};
	rootObject = 060782A6250CE27700A87020 /* Project object */;
}
